
Microsoft Visual Studio Solution File, Format Version 12.00
# Visual Studio 15
VisualStudioVersion = 15.0.27428.2043
MinimumVisualStudioVersion = 10.0.40219.1
Project("{FAE04EC0-301F-11D3-BF4B-00C04F79EFBC}") = "A9", "A9\A9.csproj", "{AF9744B9-9E1F-4C41-AF7D-977F90B1A931}"
EndProject
Global
	GlobalSection(SolutionConfigurationPlatforms) = preSolution
		Debug|Any CPU = Debug|Any CPU
		Release|Any CPU = Release|Any CPU
	EndGlobalSection
	GlobalSection(ProjectConfigurationPlatforms) = postSolution
		{AF9744B9-9E1F-4C41-AF7D-977F90B1A931}.Debug|Any CPU.ActiveCfg = Debug|Any CPU
		{AF9744B9-9E1F-4C41-AF7D-977F90B1A931}.Debug|Any CPU.Build.0 = Debug|Any CPU
		{AF9744B9-9E1F-4C41-AF7D-977F90B1A931}.Release|Any CPU.ActiveCfg = Release|Any CPU
		{AF9744B9-9E1F-4C41-AF7D-977F90B1A931}.Release|Any CPU.Build.0 = Release|Any CPU
	EndGlobalSection
	GlobalSection(SolutionProperties) = preSolution
		HideSolutionNode = FALSE
	EndGlobalSection
	GlobalSection(ExtensibilityGlobals) = postSolution
		SolutionGuid = {CCD501AC-5064-4E36-8CB5-79ED969FABCE}
	EndGlobalSection
EndGlobal
